// !$*UTF8*$!
{
	archiveVersion = 1;
	classes = {
	};
	objectVersion = 56;
	objects = {

/* Begin PBXBuildFile section */
		7103856729E604EA003E6D8A /* AppDelegate.swift in Sources */ = {isa = PBXBuildFile; fileRef = 7103856629E604EA003E6D8A /* AppDelegate.swift */; };
		7103856929E604EA003E6D8A /* SceneDelegate.swift in Sources */ = {isa = PBXBuildFile; fileRef = 7103856829E604EA003E6D8A /* SceneDelegate.swift */; };
		7103856B29E604EA003E6D8A /* ViewController.swift in Sources */ = {isa = PBXBuildFile; fileRef = 7103856A29E604EA003E6D8A /* ViewController.swift */; };
		7103856E29E604EA003E6D8A /* Main.storyboard in Resources */ = {isa = PBXBuildFile; fileRef = 7103856C29E604EA003E6D8A /* Main.storyboard */; };
		7103857329E604EB003E6D8A /* Assets.xcassets in Resources */ = {isa = PBXBuildFile; fileRef = 7103857229E604EB003E6D8A /* Assets.xcassets */; };
		7103857629E604EB003E6D8A /* LaunchScreen.storyboard in Resources */ = {isa = PBXBuildFile; fileRef = 7103857429E604EB003E6D8A /* LaunchScreen.storyboard */; };
		7132E48329E745F80081B322 /* Cocktails.swift in Sources */ = {isa = PBXBuildFile; fileRef = 7132E48229E745F80081B322 /* Cocktails.swift */; };
		7132E48629E746290081B322 /* Networking.swift in Sources */ = {isa = PBXBuildFile; fileRef = 7132E48529E746290081B322 /* Networking.swift */; };
		7132E48929E7477F0081B322 /* Alamofire in Frameworks */ = {isa = PBXBuildFile; productRef = 7132E48829E7477F0081B322 /* Alamofire */; };
		7156A87429E8A0DE002C0DF1 /* Kingfisher in Frameworks */ = {isa = PBXBuildFile; productRef = 7156A87329E8A0DE002C0DF1 /* Kingfisher */; };
/* End PBXBuildFile section */

/* Begin PBXFileReference section */
		7103856329E604EA003E6D8A /* CocktailMondays.app */ = {isa = PBXFileReference; explicitFileType = wrapper.application; includeInIndex = 0; path = CocktailMondays.app; sourceTree = BUILT_PRODUCTS_DIR; };
		7103856629E604EA003E6D8A /* AppDelegate.swift */ = {isa = PBXFileReference; lastKnownFileType = sourcecode.swift; path = AppDelegate.swift; sourceTree = "<group>"; };
		7103856829E604EA003E6D8A /* SceneDelegate.swift */ = {isa = PBXFileReference; lastKnownFileType = sourcecode.swift; path = SceneDelegate.swift; sourceTree = "<group>"; };
		7103856A29E604EA003E6D8A /* ViewController.swift */ = {isa = PBXFileReference; lastKnownFileType = sourcecode.swift; path = ViewController.swift; sourceTree = "<group>"; };
		7103856D29E604EA003E6D8A /* Base */ = {isa = PBXFileReference; lastKnownFileType = file.storyboard; name = Base; path = Base.lproj/Main.storyboard; sourceTree = "<group>"; };
		7103857229E604EB003E6D8A /* Assets.xcassets */ = {isa = PBXFileReference; lastKnownFileType = folder.assetcatalog; path = Assets.xcassets; sourceTree = "<group>"; };
		7103857529E604EB003E6D8A /* Base */ = {isa = PBXFileReference; lastKnownFileType = file.storyboard; name = Base; path = Base.lproj/LaunchScreen.storyboard; sourceTree = "<group>"; };
		7103857729E604EB003E6D8A /* Info.plist */ = {isa = PBXFileReference; lastKnownFileType = text.plist.xml; path = Info.plist; sourceTree = "<group>"; };
		7132E48229E745F80081B322 /* Cocktails.swift */ = {isa = PBXFileReference; lastKnownFileType = sourcecode.swift; path = Cocktails.swift; sourceTree = "<group>"; };
		7132E48529E746290081B322 /* Networking.swift */ = {isa = PBXFileReference; lastKnownFileType = sourcecode.swift; path = Networking.swift; sourceTree = "<group>"; };
/* End PBXFileReference section */

/* Begin PBXFrameworksBuildPhase section */
		7103856029E604EA003E6D8A /* Frameworks */ = {
			isa = PBXFrameworksBuildPhase;
			buildActionMask = 2147483647;
			files = (
				7156A87429E8A0DE002C0DF1 /* Kingfisher in Frameworks */,
				7132E48929E7477F0081B322 /* Alamofire in Frameworks */,
			);
			runOnlyForDeploymentPostprocessing = 0;
		};
/* End PBXFrameworksBuildPhase section */

/* Begin PBXGroup section */
		7103855A29E604E9003E6D8A = {
			isa = PBXGroup;
			children = (
				7132E48129E745DF0081B322 /* Networking */,
				7103856529E604EA003E6D8A /* CocktailMondays */,
				7103856429E604EA003E6D8A /* Products */,
			);
			sourceTree = "<group>";
		};
		7103856429E604EA003E6D8A /* Products */ = {
			isa = PBXGroup;
			children = (
				7103856329E604EA003E6D8A /* CocktailMondays.app */,
			);
			name = Products;
			sourceTree = "<group>";
		};
		7103856529E604EA003E6D8A /* CocktailMondays */ = {
			isa = PBXGroup;
			children = (
				7103856629E604EA003E6D8A /* AppDelegate.swift */,
				7103856829E604EA003E6D8A /* SceneDelegate.swift */,
				7103856A29E604EA003E6D8A /* ViewController.swift */,
				7103856C29E604EA003E6D8A /* Main.storyboard */,
				7103857229E604EB003E6D8A /* Assets.xcassets */,
				7103857429E604EB003E6D8A /* LaunchScreen.storyboard */,
				7103857729E604EB003E6D8A /* Info.plist */,
			);
			path = CocktailMondays;
			sourceTree = "<group>";
		};
		7132E48129E745DF0081B322 /* Networking */ = {
			isa = PBXGroup;
			children = (
				7132E48429E745FE0081B322 /* Data */,
				7132E48529E746290081B322 /* Networking.swift */,
			);
			path = Networking;
			sourceTree = "<group>";
		};
		7132E48429E745FE0081B322 /* Data */ = {
			isa = PBXGroup;
			children = (
				7132E48229E745F80081B322 /* Cocktails.swift */,
			);
			path = Data;
			sourceTree = "<group>";
		};
/* End PBXGroup section */

/* Begin PBXNativeTarget section */
		7103856229E604EA003E6D8A /* CocktailMondays */ = {
			isa = PBXNativeTarget;
			buildConfigurationList = 7103857A29E604EB003E6D8A /* Build configuration list for PBXNativeTarget "CocktailMondays" */;
			buildPhases = (
				7103855F29E604EA003E6D8A /* Sources */,
				7103856029E604EA003E6D8A /* Frameworks */,
				7103856129E604EA003E6D8A /* Resources */,
			);
			buildRules = (
			);
			dependencies = (
			);
			name = CocktailMondays;
			packageProductDependencies = (
				7132E48829E7477F0081B322 /* Alamofire */,
				7156A87329E8A0DE002C0DF1 /* Kingfisher */,
			);
			productName = CocktailMondays;
			productReference = 7103856329E604EA003E6D8A /* CocktailMondays.app */;
			productType = "com.apple.product-type.application";
		};
/* End PBXNativeTarget section */

/* Begin PBXProject section */
		7103855B29E604E9003E6D8A /* Project object */ = {
			isa = PBXProject;
			attributes = {
				BuildIndependentTargetsInParallel = 1;
				LastSwiftUpdateCheck = 1420;
				LastUpgradeCheck = 1420;
				TargetAttributes = {
					7103856229E604EA003E6D8A = {
						CreatedOnToolsVersion = 14.2;
					};
				};
			};
			buildConfigurationList = 7103855E29E604E9003E6D8A /* Build configuration list for PBXProject "CocktailMondays" */;
			compatibilityVersion = "Xcode 14.0";
			developmentRegion = en;
			hasScannedForEncodings = 0;
			knownRegions = (
				en,
				Base,
			);
			mainGroup = 7103855A29E604E9003E6D8A;
			packageReferences = (
				7132E48729E7477E0081B322 /* XCRemoteSwiftPackageReference "Alamofire" */,
				7156A87229E8A0DE002C0DF1 /* XCRemoteSwiftPackageReference "Kingfisher" */,
			);
			productRefGroup = 7103856429E604EA003E6D8A /* Products */;
			projectDirPath = "";
			projectRoot = "";
			targets = (
				7103856229E604EA003E6D8A /* CocktailMondays */,
			);
		};
/* End PBXProject section */

/* Begin PBXResourcesBuildPhase section */
		7103856129E604EA003E6D8A /* Resources */ = {
			isa = PBXResourcesBuildPhase;
			buildActionMask = 2147483647;
			files = (
				7103857629E604EB003E6D8A /* LaunchScreen.storyboard in Resources */,
				7103857329E604EB003E6D8A /* Assets.xcassets in Resources */,
				7103856E29E604EA003E6D8A /* Main.storyboard in Resources */,
			);
			runOnlyForDeploymentPostprocessing = 0;
		};
/* End PBXResourcesBuildPhase section */

/* Begin PBXSourcesBuildPhase section */
		7103855F29E604EA003E6D8A /* Sources */ = {
			isa = PBXSourcesBuildPhase;
			buildActionMask = 2147483647;
			files = (
				7103856B29E604EA003E6D8A /* ViewController.swift in Sources */,
				7132E48629E746290081B322 /* Networking.swift in Sources */,
				7103856729E604EA003E6D8A /* AppDelegate.swift in Sources */,
				7103856929E604EA003E6D8A /* SceneDelegate.swift in Sources */,
				7132E48329E745F80081B322 /* Cocktails.swift in Sources */,
			);
			runOnlyForDeploymentPostprocessing = 0;
		};
/* End PBXSourcesBuildPhase section */

/* Begin PBXVariantGroup section */
		7103856C29E604EA003E6D8A /* Main.storyboard */ = {
			isa = PBXVariantGroup;
			children = (
				7103856D29E604EA003E6D8A /* Base */,
			);
			name = Main.storyboard;
			sourceTree = "<group>";
		};
		7103857429E604EB003E6D8A /* LaunchScreen.storyboard */ = {
			isa = PBXVariantGroup;
			children = (
				7103857529E604EB003E6D8A /* Base */,
			);
			name = LaunchScreen.storyboard;
			sourceTree = "<group>";
		};
/* End PBXVariantGroup section */

/* Begin XCBuildConfiguration section */
		7103857829E604EB003E6D8A /* Debug */ = {
			isa = XCBuildConfiguration;
			buildSettings = {
				ALWAYS_SEARCH_USER_PATHS = NO;
				CLANG_ANALYZER_NONNULL = YES;
				CLANG_ANALYZER_NUMBER_OBJECT_CONVERSION = YES_AGGRESSIVE;
				CLANG_CXX_LANGUAGE_STANDARD = "gnu++20";
				CLANG_ENABLE_MODULES = YES;
				CLANG_ENABLE_OBJC_ARC = YES;
				CLANG_ENABLE_OBJC_WEAK = YES;
				CLANG_WARN_BLOCK_CAPTURE_AUTORELEASING = YES;
				CLANG_WARN_BOOL_CONVERSION = YES;
				CLANG_WARN_COMMA = YES;
				CLANG_WARN_CONSTANT_CONVERSION = YES;
				CLANG_WARN_DEPRECATED_OBJC_IMPLEMENTATIONS = YES;
				CLANG_WARN_DIRECT_OBJC_ISA_USAGE = YES_ERROR;
				CLANG_WARN_DOCUMENTATION_COMMENTS = YES;
				CLANG_WARN_EMPTY_BODY = YES;
				CLANG_WARN_ENUM_CONVERSION = YES;
				CLANG_WARN_INFINITE_RECURSION = YES;
				CLANG_WARN_INT_CONVERSION = YES;
				CLANG_WARN_NON_LITERAL_NULL_CONVERSION = YES;
				CLANG_WARN_OBJC_IMPLICIT_RETAIN_SELF = YES;
				CLANG_WARN_OBJC_LITERAL_CONVERSION = YES;
				CLANG_WARN_OBJC_ROOT_CLASS = YES_ERROR;
				CLANG_WARN_QUOTED_INCLUDE_IN_FRAMEWORK_HEADER = YES;
				CLANG_WARN_RANGE_LOOP_ANALYSIS = YES;
				CLANG_WARN_STRICT_PROTOTYPES = YES;
				CLANG_WARN_SUSPICIOUS_MOVE = YES;
				CLANG_WARN_UNGUARDED_AVAILABILITY = YES_AGGRESSIVE;
				CLANG_WARN_UNREACHABLE_CODE = YES;
				CLANG_WARN__DUPLICATE_METHOD_MATCH = YES;
				COPY_PHASE_STRIP = NO;
				DEBUG_INFORMATION_FORMAT = dwarf;
				ENABLE_STRICT_OBJC_MSGSEND = YES;
				ENABLE_TESTABILITY = YES;
				GCC_C_LANGUAGE_STANDARD = gnu11;
				GCC_DYNAMIC_NO_PIC = NO;
				GCC_NO_COMMON_BLOCKS = YES;
				GCC_OPTIMIZATION_LEVEL = 0;
				GCC_PREPROCESSOR_DEFINITIONS = (
					"DEBUG=1",
					"$(inherited)",
				);
				GCC_WARN_64_TO_32_BIT_CONVERSION = YES;
				GCC_WARN_ABOUT_RETURN_TYPE = YES_ERROR;
				GCC_WARN_UNDECLARED_SELECTOR = YES;
				GCC_WARN_UNINITIALIZED_AUTOS = YES_AGGRESSIVE;
				GCC_WARN_UNUSED_FUNCTION = YES;
				GCC_WARN_UNUSED_VARIABLE = YES;
				IPHONEOS_DEPLOYMENT_TARGET = 16.2;
				MTL_ENABLE_DEBUG_INFO = INCLUDE_SOURCE;
				MTL_FAST_MATH = YES;
				ONLY_ACTIVE_ARCH = YES;
				SDKROOT = iphoneos;
				SWIFT_ACTIVE_COMPILATION_CONDITIONS = DEBUG;
				SWIFT_OPTIMIZATION_LEVEL = "-Onone";
			};
			name = Debug;
		};
		7103857929E604EB003E6D8A /* Release */ = {
			isa = XCBuildConfiguration;
			buildSettings = {
				ALWAYS_SEARCH_USER_PATHS = NO;
				CLANG_ANALYZER_NONNULL = YES;
				CLANG_ANALYZER_NUMBER_OBJECT_CONVERSION = YES_AGGRESSIVE;
				CLANG_CXX_LANGUAGE_STANDARD = "gnu++20";
				CLANG_ENABLE_MODULES = YES;
				CLANG_ENABLE_OBJC_ARC = YES;
				CLANG_ENABLE_OBJC_WEAK = YES;
				CLANG_WARN_BLOCK_CAPTURE_AUTORELEASING = YES;
				CLANG_WARN_BOOL_CONVERSION = YES;
				CLANG_WARN_COMMA = YES;
				CLANG_WARN_CONSTANT_CONVERSION = YES;
				CLANG_WARN_DEPRECATED_OBJC_IMPLEMENTATIONS = YES;
				CLANG_WARN_DIRECT_OBJC_ISA_USAGE = YES_ERROR;
				CLANG_WARN_DOCUMENTATION_COMMENTS = YES;
				CLANG_WARN_EMPTY_BODY = YES;
				CLANG_WARN_ENUM_CONVERSION = YES;
				CLANG_WARN_INFINITE_RECURSION = YES;
				CLANG_WARN_INT_CONVERSION = YES;
				CLANG_WARN_NON_LITERAL_NULL_CONVERSION = YES;
				CLANG_WARN_OBJC_IMPLICIT_RETAIN_SELF = YES;
				CLANG_WARN_OBJC_LITERAL_CONVERSION = YES;
				CLANG_WARN_OBJC_ROOT_CLASS = YES_ERROR;
				CLANG_WARN_QUOTED_INCLUDE_IN_FRAMEWORK_HEADER = YES;
				CLANG_WARN_RANGE_LOOP_ANALYSIS = YES;
				CLANG_WARN_STRICT_PROTOTYPES = YES;
				CLANG_WARN_SUSPICIOUS_MOVE = YES;
				CLANG_WARN_UNGUARDED_AVAILABILITY = YES_AGGRESSIVE;
				CLANG_WARN_UNREACHABLE_CODE = YES;
				CLANG_WARN__DUPLICATE_METHOD_MATCH = YES;
				COPY_PHASE_STRIP = NO;
				DEBUG_INFORMATION_FORMAT = "dwarf-with-dsym";
				ENABLE_NS_ASSERTIONS = NO;
				ENABLE_STRICT_OBJC_MSGSEND = YES;
				GCC_C_LANGUAGE_STANDARD = gnu11;
				GCC_NO_COMMON_BLOCKS = YES;
				GCC_WARN_64_TO_32_BIT_CONVERSION = YES;
				GCC_WARN_ABOUT_RETURN_TYPE = YES_ERROR;
				GCC_WARN_UNDECLARED_SELECTOR = YES;
				GCC_WARN_UNINITIALIZED_AUTOS = YES_AGGRESSIVE;
				GCC_WARN_UNUSED_FUNCTION = YES;
				GCC_WARN_UNUSED_VARIABLE = YES;
				IPHONEOS_DEPLOYMENT_TARGET = 16.2;
				MTL_ENABLE_DEBUG_INFO = NO;
				MTL_FAST_MATH = YES;
				SDKROOT = iphoneos;
				SWIFT_COMPILATION_MODE = wholemodule;
				SWIFT_OPTIMIZATION_LEVEL = "-O";
				VALIDATE_PRODUCT = YES;
			};
			name = Release;
		};
		7103857B29E604EB003E6D8A /* Debug */ = {
			isa = XCBuildConfiguration;
			buildSettings = {
				ASSETCATALOG_COMPILER_APPICON_NAME = AppIcon;
				ASSETCATALOG_COMPILER_GLOBAL_ACCENT_COLOR_NAME = AccentColor;
				CODE_SIGN_STYLE = Automatic;
				CURRENT_PROJECT_VERSION = 1;
				DEVELOPMENT_TEAM = KS2MULFBQN;
				GENERATE_INFOPLIST_FILE = YES;
				INFOPLIST_FILE = CocktailMondays/Info.plist;
				INFOPLIST_KEY_UIApplicationSupportsIndirectInputEvents = YES;
				INFOPLIST_KEY_UILaunchStoryboardName = LaunchScreen;
				INFOPLIST_KEY_UIMainStoryboardFile = Main;
				INFOPLIST_KEY_UISupportedInterfaceOrientations_iPad = "UIInterfaceOrientationPortrait UIInterfaceOrientationPortraitUpsideDown UIInterfaceOrientationLandscapeLeft UIInterfaceOrientationLandscapeRight";
				INFOPLIST_KEY_UISupportedInterfaceOrientations_iPhone = "UIInterfaceOrientationPortrait UIInterfaceOrientationLandscapeLeft UIInterfaceOrientationLandscapeRight";
				LD_RUNPATH_SEARCH_PATHS = (
					"$(inherited)",
					"@executable_path/Frameworks",
				);
				MARKETING_VERSION = 1.0;
				PRODUCT_BUNDLE_IDENTIFIER = com.marinaandres.CocktailMondays;
				PRODUCT_NAME = "$(TARGET_NAME)";
				SWIFT_EMIT_LOC_STRINGS = YES;
				SWIFT_VERSION = 5.0;
				TARGETED_DEVICE_FAMILY = "1,2";
			};
			name = Debug;
		};
		7103857C29E604EB003E6D8A /* Release */ = {
			isa = XCBuildConfiguration;
			buildSettings = {
				ASSETCATALOG_COMPILER_APPICON_NAME = AppIcon;
				ASSETCATALOG_COMPILER_GLOBAL_ACCENT_COLOR_NAME = AccentColor;
				CODE_SIGN_STYLE = Automatic;
				CURRENT_PROJECT_VERSION = 1;
				DEVELOPMENT_TEAM = KS2MULFBQN;
				GENERATE_INFOPLIST_FILE = YES;
				INFOPLIST_FILE = CocktailMondays/Info.plist;
				INFOPLIST_KEY_UIApplicationSupportsIndirectInputEvents = YES;
				INFOPLIST_KEY_UILaunchStoryboardName = LaunchScreen;
				INFOPLIST_KEY_UIMainStoryboardFile = Main;
				INFOPLIST_KEY_UISupportedInterfaceOrientations_iPad = "UIInterfaceOrientationPortrait UIInterfaceOrientationPortraitUpsideDown UIInterfaceOrientationLandscapeLeft UIInterfaceOrientationLandscapeRight";
				INFOPLIST_KEY_UISupportedInterfaceOrientations_iPhone = "UIInterfaceOrientationPortrait UIInterfaceOrientationLandscapeLeft UIInterfaceOrientationLandscapeRight";
				LD_RUNPATH_SEARCH_PATHS = (
					"$(inherited)",
					"@executable_path/Frameworks",
				);
				MARKETING_VERSION = 1.0;
				PRODUCT_BUNDLE_IDENTIFIER = com.marinaandres.CocktailMondays;
				PRODUCT_NAME = "$(TARGET_NAME)";
				SWIFT_EMIT_LOC_STRINGS = YES;
				SWIFT_VERSION = 5.0;
				TARGETED_DEVICE_FAMILY = "1,2";
			};
			name = Release;
		};
/* End XCBuildConfiguration section */

/* Begin XCConfigurationList section */
		7103855E29E604E9003E6D8A /* Build configuration list for PBXProject "CocktailMondays" */ = {
			isa = XCConfigurationList;
			buildConfigurations = (
				7103857829E604EB003E6D8A /* Debug */,
				7103857929E604EB003E6D8A /* Release */,
			);
			defaultConfigurationIsVisible = 0;
			defaultConfigurationName = Release;
		};
		7103857A29E604EB003E6D8A /* Build configuration list for PBXNativeTarget "CocktailMondays" */ = {
			isa = XCConfigurationList;
			buildConfigurations = (
				7103857B29E604EB003E6D8A /* Debug */,
				7103857C29E604EB003E6D8A /* Release */,
			);
			defaultConfigurationIsVisible = 0;
			defaultConfigurationName = Release;
		};
/* End XCConfigurationList section */

/* Begin XCRemoteSwiftPackageReference section */
		7132E48729E7477E0081B322 /* XCRemoteSwiftPackageReference "Alamofire" */ = {
			isa = XCRemoteSwiftPackageReference;
			repositoryURL = "https://github.com/Alamofire/Alamofire.git";
			requirement = {
				kind = upToNextMinorVersion;
				minimumVersion = 5.6.0;
			};
		};
		7156A87229E8A0DE002C0DF1 /* XCRemoteSwiftPackageReference "Kingfisher" */ = {
			isa = XCRemoteSwiftPackageReference;
			repositoryURL = "https://github.com/onevcat/Kingfisher.git";
			requirement = {
				kind = upToNextMajorVersion;
				minimumVersion = 7.0.0;
			};
		};
/* End XCRemoteSwiftPackageReference section */

/* Begin XCSwiftPackageProductDependency section */
		7132E48829E7477F0081B322 /* Alamofire */ = {
			isa = XCSwiftPackageProductDependency;
			package = 7132E48729E7477E0081B322 /* XCRemoteSwiftPackageReference "Alamofire" */;
			productName = Alamofire;
		};
		7156A87329E8A0DE002C0DF1 /* Kingfisher */ = {
			isa = XCSwiftPackageProductDependency;
			package = 7156A87229E8A0DE002C0DF1 /* XCRemoteSwiftPackageReference "Kingfisher" */;
			productName = Kingfisher;
		};
/* End XCSwiftPackageProductDependency section */
	};
	rootObject = 7103855B29E604E9003E6D8A /* Project object */;
}
